// !$*UTF8*$!
{
	archiveVersion = 1;
	classes = {
	};
	objectVersion = 56;
	objects = {

/* Begin PBXBuildFile section */
		4E195EDE29C040C600E97522 /* ShootsApp.swift in Sources */ = {isa = PBXBuildFile; fileRef = 4E195EDD29C040C600E97522 /* ShootsApp.swift */; };
		4E195EE029C040C600E97522 /* ContentView.swift in Sources */ = {isa = PBXBuildFile; fileRef = 4E195EDF29C040C600E97522 /* ContentView.swift */; };
		4E195EE229C040C700E97522 /* Assets.xcassets in Resources */ = {isa = PBXBuildFile; fileRef = 4E195EE129C040C700E97522 /* Assets.xcassets */; };
		4E195EE629C040C700E97522 /* Preview Assets.xcassets in Resources */ = {isa = PBXBuildFile; fileRef = 4E195EE529C040C700E97522 /* Preview Assets.xcassets */; };
		4E195EF029C040C800E97522 /* ShootsTests.swift in Sources */ = {isa = PBXBuildFile; fileRef = 4E195EEF29C040C800E97522 /* ShootsTests.swift */; };
		4E195EFA29C040C800E97522 /* ShootsUITests.swift in Sources */ = {isa = PBXBuildFile; fileRef = 4E195EF929C040C800E97522 /* ShootsUITests.swift */; };
		4E195EFC29C040C800E97522 /* ShootsUITestsLaunchTests.swift in Sources */ = {isa = PBXBuildFile; fileRef = 4E195EFB29C040C800E97522 /* ShootsUITestsLaunchTests.swift */; };
/* End PBXBuildFile section */

/* Begin PBXContainerItemProxy section */
		4E195EEC29C040C800E97522 /* PBXContainerItemProxy */ = {
			isa = PBXContainerItemProxy;
			containerPortal = 4E195ED229C040C600E97522 /* Project object */;
			proxyType = 1;
			remoteGlobalIDString = 4E195ED929C040C600E97522;
			remoteInfo = Shoots;
		};
		4E195EF629C040C800E97522 /* PBXContainerItemProxy */ = {
			isa = PBXContainerItemProxy;
			containerPortal = 4E195ED229C040C600E97522 /* Project object */;
			proxyType = 1;
			remoteGlobalIDString = 4E195ED929C040C600E97522;
			remoteInfo = Shoots;
		};
/* End PBXContainerItemProxy section */

/* Begin PBXFileReference section */
		4E195EDA29C040C600E97522 /* Shoots.app */ = {isa = PBXFileReference; explicitFileType = wrapper.application; includeInIndex = 0; path = Shoots.app; sourceTree = BUILT_PRODUCTS_DIR; };
		4E195EDD29C040C600E97522 /* ShootsApp.swift */ = {isa = PBXFileReference; lastKnownFileType = sourcecode.swift; path = ShootsApp.swift; sourceTree = "<group>"; };
		4E195EDF29C040C600E97522 /* ContentView.swift */ = {isa = PBXFileReference; lastKnownFileType = sourcecode.swift; path = ContentView.swift; sourceTree = "<group>"; };
		4E195EE129C040C700E97522 /* Assets.xcassets */ = {isa = PBXFileReference; lastKnownFileType = folder.assetcatalog; path = Assets.xcassets; sourceTree = "<group>"; };
		4E195EE329C040C700E97522 /* Shoots.entitlements */ = {isa = PBXFileReference; lastKnownFileType = text.plist.entitlements; path = Shoots.entitlements; sourceTree = "<group>"; };
		4E195EE529C040C700E97522 /* Preview Assets.xcassets */ = {isa = PBXFileReference; lastKnownFileType = folder.assetcatalog; path = "Preview Assets.xcassets"; sourceTree = "<group>"; };
		4E195EEB29C040C800E97522 /* ShootsTests.xctest */ = {isa = PBXFileReference; explicitFileType = wrapper.cfbundle; includeInIndex = 0; path = ShootsTests.xctest; sourceTree = BUILT_PRODUCTS_DIR; };
		4E195EEF29C040C800E97522 /* ShootsTests.swift */ = {isa = PBXFileReference; lastKnownFileType = sourcecode.swift; path = ShootsTests.swift; sourceTree = "<group>"; };
		4E195EF529C040C800E97522 /* ShootsUITests.xctest */ = {isa = PBXFileReference; explicitFileType = wrapper.cfbundle; includeInIndex = 0; path = ShootsUITests.xctest; sourceTree = BUILT_PRODUCTS_DIR; };
		4E195EF929C040C800E97522 /* ShootsUITests.swift */ = {isa = PBXFileReference; lastKnownFileType = sourcecode.swift; path = ShootsUITests.swift; sourceTree = "<group>"; };
		4E195EFB29C040C800E97522 /* ShootsUITestsLaunchTests.swift */ = {isa = PBXFileReference; lastKnownFileType = sourcecode.swift; path = ShootsUITestsLaunchTests.swift; sourceTree = "<group>"; };
/* End PBXFileReference section */

/* Begin PBXFrameworksBuildPhase section */
		4E195ED729C040C600E97522 /* Frameworks */ = {
			isa = PBXFrameworksBuildPhase;
			buildActionMask = 2147483647;
			files = (
			);
			runOnlyForDeploymentPostprocessing = 0;
		};
		4E195EE829C040C800E97522 /* Frameworks */ = {
			isa = PBXFrameworksBuildPhase;
			buildActionMask = 2147483647;
			files = (
			);
			runOnlyForDeploymentPostprocessing = 0;
		};
		4E195EF229C040C800E97522 /* Frameworks */ = {
			isa = PBXFrameworksBuildPhase;
			buildActionMask = 2147483647;
			files = (
			);
			runOnlyForDeploymentPostprocessing = 0;
		};
/* End PBXFrameworksBuildPhase section */

/* Begin PBXGroup section */
		4E195ED129C040C600E97522 = {
			isa = PBXGroup;
			children = (
				4E195EDC29C040C600E97522 /* Shoots */,
				4E195EEE29C040C800E97522 /* ShootsTests */,
				4E195EF829C040C800E97522 /* ShootsUITests */,
				4E195EDB29C040C600E97522 /* Products */,
			);
			sourceTree = "<group>";
		};
		4E195EDB29C040C600E97522 /* Products */ = {
			isa = PBXGroup;
			children = (
				4E195EDA29C040C600E97522 /* Shoots.app */,
				4E195EEB29C040C800E97522 /* ShootsTests.xctest */,
				4E195EF529C040C800E97522 /* ShootsUITests.xctest */,
			);
			name = Products;
			sourceTree = "<group>";
		};
		4E195EDC29C040C600E97522 /* Shoots */ = {
			isa = PBXGroup;
			children = (
				4E195EDD29C040C600E97522 /* ShootsApp.swift */,
				4E195EDF29C040C600E97522 /* ContentView.swift */,
				4E195EE129C040C700E97522 /* Assets.xcassets */,
				4E195EE329C040C700E97522 /* Shoots.entitlements */,
				4E195EE429C040C700E97522 /* Preview Content */,
			);
			path = Shoots;
			sourceTree = "<group>";
		};
		4E195EE429C040C700E97522 /* Preview Content */ = {
			isa = PBXGroup;
			children = (
				4E195EE529C040C700E97522 /* Preview Assets.xcassets */,
			);
			path = "Preview Content";
			sourceTree = "<group>";
		};
		4E195EEE29C040C800E97522 /* ShootsTests */ = {
			isa = PBXGroup;
			children = (
				4E195EEF29C040C800E97522 /* ShootsTests.swift */,
			);
			path = ShootsTests;
			sourceTree = "<group>";
		};
		4E195EF829C040C800E97522 /* ShootsUITests */ = {
			isa = PBXGroup;
			children = (
				4E195EF929C040C800E97522 /* ShootsUITests.swift */,
				4E195EFB29C040C800E97522 /* ShootsUITestsLaunchTests.swift */,
			);
			path = ShootsUITests;
			sourceTree = "<group>";
		};
/* End PBXGroup section */

/* Begin PBXNativeTarget section */
		4E195ED929C040C600E97522 /* Shoots */ = {
			isa = PBXNativeTarget;
			buildConfigurationList = 4E195EFF29C040C800E97522 /* Build configuration list for PBXNativeTarget "Shoots" */;
			buildPhases = (
				4E195ED629C040C600E97522 /* Sources */,
				4E195ED729C040C600E97522 /* Frameworks */,
				4E195ED829C040C600E97522 /* Resources */,
			);
			buildRules = (
			);
			dependencies = (
			);
			name = Shoots;
			productName = Shoots;
			productReference = 4E195EDA29C040C600E97522 /* Shoots.app */;
			productType = "com.apple.product-type.application";
		};
		4E195EEA29C040C800E97522 /* ShootsTests */ = {
			isa = PBXNativeTarget;
			buildConfigurationList = 4E195F0229C040C800E97522 /* Build configuration list for PBXNativeTarget "ShootsTests" */;
			buildPhases = (
				4E195EE729C040C800E97522 /* Sources */,
				4E195EE829C040C800E97522 /* Frameworks */,
				4E195EE929C040C800E97522 /* Resources */,
			);
			buildRules = (
			);
			dependencies = (
				4E195EED29C040C800E97522 /* PBXTargetDependency */,
			);
			name = ShootsTests;
			productName = ShootsTests;
			productReference = 4E195EEB29C040C800E97522 /* ShootsTests.xctest */;
			productType = "com.apple.product-type.bundle.unit-test";
		};
		4E195EF429C040C800E97522 /* ShootsUITests */ = {
			isa = PBXNativeTarget;
			buildConfigurationList = 4E195F0529C040C800E97522 /* Build configuration list for PBXNativeTarget "ShootsUITests" */;
			buildPhases = (
				4E195EF129C040C800E97522 /* Sources */,
				4E195EF229C040C800E97522 /* Frameworks */,
				4E195EF329C040C800E97522 /* Resources */,
			);
			buildRules = (
			);
			dependencies = (
				4E195EF729C040C800E97522 /* PBXTargetDependency */,
			);
			name = ShootsUITests;
			productName = ShootsUITests;
			productReference = 4E195EF529C040C800E97522 /* ShootsUITests.xctest */;
			productType = "com.apple.product-type.bundle.ui-testing";
		};
/* End PBXNativeTarget section */

/* Begin PBXProject section */
		4E195ED229C040C600E97522 /* Project object */ = {
			isa = PBXProject;
			attributes = {
				BuildIndependentTargetsInParallel = 1;
				LastSwiftUpdateCheck = 1420;
				LastUpgradeCheck = 1420;
				TargetAttributes = {
					4E195ED929C040C600E97522 = {
						CreatedOnToolsVersion = 14.2;
					};
					4E195EEA29C040C800E97522 = {
						CreatedOnToolsVersion = 14.2;
						TestTargetID = 4E195ED929C040C600E97522;
					};
					4E195EF429C040C800E97522 = {
						CreatedOnToolsVersion = 14.2;
						TestTargetID = 4E195ED929C040C600E97522;
					};
				};
			};
			buildConfigurationList = 4E195ED529C040C600E97522 /* Build configuration list for PBXProject "Shoots" */;
			compatibilityVersion = "Xcode 14.0";
			developmentRegion = en;
			hasScannedForEncodings = 0;
			knownRegions = (
				en,
				Base,
			);
			mainGroup = 4E195ED129C040C600E97522;
			productRefGroup = 4E195EDB29C040C600E97522 /* Products */;
			projectDirPath = "";
			projectRoot = "";
			targets = (
				4E195ED929C040C600E97522 /* Shoots */,
				4E195EEA29C040C800E97522 /* ShootsTests */,
				4E195EF429C040C800E97522 /* ShootsUITests */,
			);
		};
/* End PBXProject section */

/* Begin PBXResourcesBuildPhase section */
		4E195ED829C040C600E97522 /* Resources */ = {
			isa = PBXResourcesBuildPhase;
			buildActionMask = 2147483647;
			files = (
				4E195EE629C040C700E97522 /* Preview Assets.xcassets in Resources */,
				4E195EE229C040C700E97522 /* Assets.xcassets in Resources */,
			);
			runOnlyForDeploymentPostprocessing = 0;
		};
		4E195EE929C040C800E97522 /* Resources */ = {
			isa = PBXResourcesBuildPhase;
			buildActionMask = 2147483647;
			files = (
			);
			runOnlyForDeploymentPostprocessing = 0;
		};
		4E195EF329C040C800E97522 /* Resources */ = {
			isa = PBXResourcesBuildPhase;
			buildActionMask = 2147483647;
			files = (
			);
			runOnlyForDeploymentPostprocessing = 0;
		};
/* End PBXResourcesBuildPhase section */

/* Begin PBXSourcesBuildPhase section */
		4E195ED629C040C600E97522 /* Sources */ = {
			isa = PBXSourcesBuildPhase;
			buildActionMask = 2147483647;
			files = (
				4E195EE029C040C600E97522 /* ContentView.swift in Sources */,
				4E195EDE29C040C600E97522 /* ShootsApp.swift in Sources */,
			);
			runOnlyForDeploymentPostprocessing = 0;
		};
		4E195EE729C040C800E97522 /* Sources */ = {
			isa = PBXSourcesBuildPhase;
			buildActionMask = 2147483647;
			files = (
				4E195EF029C040C800E97522 /* ShootsTests.swift in Sources */,
			);
			runOnlyForDeploymentPostprocessing = 0;
		};
		4E195EF129C040C800E97522 /* Sources */ = {
			isa = PBXSourcesBuildPhase;
			buildActionMask = 2147483647;
			files = (
				4E195EFC29C040C800E97522 /* ShootsUITestsLaunchTests.swift in Sources */,
				4E195EFA29C040C800E97522 /* ShootsUITests.swift in Sources */,
			);
			runOnlyForDeploymentPostprocessing = 0;
		};
/* End PBXSourcesBuildPhase section */

/* Begin PBXTargetDependency section */
		4E195EED29C040C800E97522 /* PBXTargetDependency */ = {
			isa = PBXTargetDependency;
			target = 4E195ED929C040C600E97522 /* Shoots */;
			targetProxy = 4E195EEC29C040C800E97522 /* PBXContainerItemProxy */;
		};
		4E195EF729C040C800E97522 /* PBXTargetDependency */ = {
			isa = PBXTargetDependency;
			target = 4E195ED929C040C600E97522 /* Shoots */;
			targetProxy = 4E195EF629C040C800E97522 /* PBXContainerItemProxy */;
		};
/* End PBXTargetDependency section */

/* Begin XCBuildConfiguration section */
		4E195EFD29C040C800E97522 /* Debug */ = {
			isa = XCBuildConfiguration;
			buildSettings = {
				ALWAYS_SEARCH_USER_PATHS = NO;
				CLANG_ANALYZER_NONNULL = YES;
				CLANG_ANALYZER_NUMBER_OBJECT_CONVERSION = YES_AGGRESSIVE;
				CLANG_CXX_LANGUAGE_STANDARD = "gnu++20";
				CLANG_ENABLE_MODULES = YES;
				CLANG_ENABLE_OBJC_ARC = YES;
				CLANG_ENABLE_OBJC_WEAK = YES;
				CLANG_WARN_BLOCK_CAPTURE_AUTORELEASING = YES;
				CLANG_WARN_BOOL_CONVERSION = YES;
				CLANG_WARN_COMMA = YES;
				CLANG_WARN_CONSTANT_CONVERSION = YES;
				CLANG_WARN_DEPRECATED_OBJC_IMPLEMENTATIONS = YES;
				CLANG_WARN_DIRECT_OBJC_ISA_USAGE = YES_ERROR;
				CLANG_WARN_DOCUMENTATION_COMMENTS = YES;
				CLANG_WARN_EMPTY_BODY = YES;
				CLANG_WARN_ENUM_CONVERSION = YES;
				CLANG_WARN_INFINITE_RECURSION = YES;
				CLANG_WARN_INT_CONVERSION = YES;
				CLANG_WARN_NON_LITERAL_NULL_CONVERSION = YES;
				CLANG_WARN_OBJC_IMPLICIT_RETAIN_SELF = YES;
				CLANG_WARN_OBJC_LITERAL_CONVERSION = YES;
				CLANG_WARN_OBJC_ROOT_CLASS = YES_ERROR;
				CLANG_WARN_QUOTED_INCLUDE_IN_FRAMEWORK_HEADER = YES;
				CLANG_WARN_RANGE_LOOP_ANALYSIS = YES;
				CLANG_WARN_STRICT_PROTOTYPES = YES;
				CLANG_WARN_SUSPICIOUS_MOVE = YES;
				CLANG_WARN_UNGUARDED_AVAILABILITY = YES_AGGRESSIVE;
				CLANG_WARN_UNREACHABLE_CODE = YES;
				CLANG_WARN__DUPLICATE_METHOD_MATCH = YES;
				COPY_PHASE_STRIP = NO;
				DEBUG_INFORMATION_FORMAT = dwarf;
				ENABLE_STRICT_OBJC_MSGSEND = YES;
				ENABLE_TESTABILITY = YES;
				GCC_C_LANGUAGE_STANDARD = gnu11;
				GCC_DYNAMIC_NO_PIC = NO;
				GCC_NO_COMMON_BLOCKS = YES;
				GCC_OPTIMIZATION_LEVEL = 0;
				GCC_PREPROCESSOR_DEFINITIONS = (
					"DEBUG=1",
					"$(inherited)",
				);
				GCC_WARN_64_TO_32_BIT_CONVERSION = YES;
				GCC_WARN_ABOUT_RETURN_TYPE = YES_ERROR;
				GCC_WARN_UNDECLARED_SELECTOR = YES;
				GCC_WARN_UNINITIALIZED_AUTOS = YES_AGGRESSIVE;
				GCC_WARN_UNUSED_FUNCTION = YES;
				GCC_WARN_UNUSED_VARIABLE = YES;
				MTL_ENABLE_DEBUG_INFO = INCLUDE_SOURCE;
				MTL_FAST_MATH = YES;
				ONLY_ACTIVE_ARCH = YES;
				SWIFT_ACTIVE_COMPILATION_CONDITIONS = DEBUG;
				SWIFT_OPTIMIZATION_LEVEL = "-Onone";
			};
			name = Debug;
		};
		4E195EFE29C040C800E97522 /* Release */ = {
			isa = XCBuildConfiguration;
			buildSettings = {
				ALWAYS_SEARCH_USER_PATHS = NO;
				CLANG_ANALYZER_NONNULL = YES;
				CLANG_ANALYZER_NUMBER_OBJECT_CONVERSION = YES_AGGRESSIVE;
				CLANG_CXX_LANGUAGE_STANDARD = "gnu++20";
				CLANG_ENABLE_MODULES = YES;
				CLANG_ENABLE_OBJC_ARC = YES;
				CLANG_ENABLE_OBJC_WEAK = YES;
				CLANG_WARN_BLOCK_CAPTURE_AUTORELEASING = YES;
				CLANG_WARN_BOOL_CONVERSION = YES;
				CLANG_WARN_COMMA = YES;
				CLANG_WARN_CONSTANT_CONVERSION = YES;
				CLANG_WARN_DEPRECATED_OBJC_IMPLEMENTATIONS = YES;
				CLANG_WARN_DIRECT_OBJC_ISA_USAGE = YES_ERROR;
				CLANG_WARN_DOCUMENTATION_COMMENTS = YES;
				CLANG_WARN_EMPTY_BODY = YES;
				CLANG_WARN_ENUM_CONVERSION = YES;
				CLANG_WARN_INFINITE_RECURSION = YES;
				CLANG_WARN_INT_CONVERSION = YES;
				CLANG_WARN_NON_LITERAL_NULL_CONVERSION = YES;
				CLANG_WARN_OBJC_IMPLICIT_RETAIN_SELF = YES;
				CLANG_WARN_OBJC_LITERAL_CONVERSION = YES;
				CLANG_WARN_OBJC_ROOT_CLASS = YES_ERROR;
				CLANG_WARN_QUOTED_INCLUDE_IN_FRAMEWORK_HEADER = YES;
				CLANG_WARN_RANGE_LOOP_ANALYSIS = YES;
				CLANG_WARN_STRICT_PROTOTYPES = YES;
				CLANG_WARN_SUSPICIOUS_MOVE = YES;
				CLANG_WARN_UNGUARDED_AVAILABILITY = YES_AGGRESSIVE;
				CLANG_WARN_UNREACHABLE_CODE = YES;
				CLANG_WARN__DUPLICATE_METHOD_MATCH = YES;
				COPY_PHASE_STRIP = NO;
				DEBUG_INFORMATION_FORMAT = "dwarf-with-dsym";
				ENABLE_NS_ASSERTIONS = NO;
				ENABLE_STRICT_OBJC_MSGSEND = YES;
				GCC_C_LANGUAGE_STANDARD = gnu11;
				GCC_NO_COMMON_BLOCKS = YES;
				GCC_WARN_64_TO_32_BIT_CONVERSION = YES;
				GCC_WARN_ABOUT_RETURN_TYPE = YES_ERROR;
				GCC_WARN_UNDECLARED_SELECTOR = YES;
				GCC_WARN_UNINITIALIZED_AUTOS = YES_AGGRESSIVE;
				GCC_WARN_UNUSED_FUNCTION = YES;
				GCC_WARN_UNUSED_VARIABLE = YES;
				MTL_ENABLE_DEBUG_INFO = NO;
				MTL_FAST_MATH = YES;
				SWIFT_COMPILATION_MODE = wholemodule;
				SWIFT_OPTIMIZATION_LEVEL = "-O";
			};
			name = Release;
		};
		4E195F0029C040C800E97522 /* Debug */ = {
			isa = XCBuildConfiguration;
			buildSettings = {
				ASSETCATALOG_COMPILER_APPICON_NAME = AppIcon;
				ASSETCATALOG_COMPILER_GLOBAL_ACCENT_COLOR_NAME = AccentColor;
				CODE_SIGN_ENTITLEMENTS = Shoots/Shoots.entitlements;
				CODE_SIGN_STYLE = Automatic;
				CURRENT_PROJECT_VERSION = 1;
				DEVELOPMENT_ASSET_PATHS = "\"Shoots/Preview Content\"";
				DEVELOPMENT_TEAM = H62DJYY3BW;
				ENABLE_HARDENED_RUNTIME = YES;
				ENABLE_PREVIEWS = YES;
				GENERATE_INFOPLIST_FILE = YES;
				"INFOPLIST_KEY_UIApplicationSceneManifest_Generation[sdk=iphoneos*]" = YES;
				"INFOPLIST_KEY_UIApplicationSceneManifest_Generation[sdk=iphonesimulator*]" = YES;
				"INFOPLIST_KEY_UIApplicationSupportsIndirectInputEvents[sdk=iphoneos*]" = YES;
				"INFOPLIST_KEY_UIApplicationSupportsIndirectInputEvents[sdk=iphonesimulator*]" = YES;
				"INFOPLIST_KEY_UILaunchScreen_Generation[sdk=iphoneos*]" = YES;
				"INFOPLIST_KEY_UILaunchScreen_Generation[sdk=iphonesimulator*]" = YES;
				"INFOPLIST_KEY_UIStatusBarStyle[sdk=iphoneos*]" = UIStatusBarStyleDefault;
				"INFOPLIST_KEY_UIStatusBarStyle[sdk=iphonesimulator*]" = UIStatusBarStyleDefault;
				INFOPLIST_KEY_UISupportedInterfaceOrientations_iPad = "UIInterfaceOrientationPortrait UIInterfaceOrientationPortraitUpsideDown UIInterfaceOrientationLandscapeLeft UIInterfaceOrientationLandscapeRight";
				INFOPLIST_KEY_UISupportedInterfaceOrientations_iPhone = "UIInterfaceOrientationPortrait UIInterfaceOrientationLandscapeLeft UIInterfaceOrientationLandscapeRight";
				IPHONEOS_DEPLOYMENT_TARGET = 16.2;
				LD_RUNPATH_SEARCH_PATHS = "@executable_path/Frameworks";
				"LD_RUNPATH_SEARCH_PATHS[sdk=macosx*]" = "@executable_path/../Frameworks";
				MACOSX_DEPLOYMENT_TARGET = 13.1;
				MARKETING_VERSION = 1.0;
				PRODUCT_BUNDLE_IDENTIFIER = com.productpoke.Shoots;
				PRODUCT_NAME = "$(TARGET_NAME)";
				SDKROOT = auto;
				SUPPORTED_PLATFORMS = "iphoneos iphonesimulator macosx";
				SWIFT_EMIT_LOC_STRINGS = YES;
				SWIFT_VERSION = 5.0;
				TARGETED_DEVICE_FAMILY = "1,2";
			};
			name = Debug;
		};
		4E195F0129C040C800E97522 /* Release */ = {
			isa = XCBuildConfiguration;
			buildSettings = {
				ASSETCATALOG_COMPILER_APPICON_NAME = AppIcon;
				ASSETCATALOG_COMPILER_GLOBAL_ACCENT_COLOR_NAME = AccentColor;
				CODE_SIGN_ENTITLEMENTS = Shoots/Shoots.entitlements;
				CODE_SIGN_STYLE = Automatic;
				CURRENT_PROJECT_VERSION = 1;
				DEVELOPMENT_ASSET_PATHS = "\"Shoots/Preview Content\"";
				DEVELOPMENT_TEAM = H62DJYY3BW;
				ENABLE_HARDENED_RUNTIME = YES;
				ENABLE_PREVIEWS = YES;
				GENERATE_INFOPLIST_FILE = YES;
				"INFOPLIST_KEY_UIApplicationSceneManifest_Generation[sdk=iphoneos*]" = YES;
				"INFOPLIST_KEY_UIApplicationSceneManifest_Generation[sdk=iphonesimulator*]" = YES;
				"INFOPLIST_KEY_UIApplicationSupportsIndirectInputEvents[sdk=iphoneos*]" = YES;
				"INFOPLIST_KEY_UIApplicationSupportsIndirectInputEvents[sdk=iphonesimulator*]" = YES;
				"INFOPLIST_KEY_UILaunchScreen_Generation[sdk=iphoneos*]" = YES;
				"INFOPLIST_KEY_UILaunchScreen_Generation[sdk=iphonesimulator*]" = YES;
				"INFOPLIST_KEY_UIStatusBarStyle[sdk=iphoneos*]" = UIStatusBarStyleDefault;
				"INFOPLIST_KEY_UIStatusBarStyle[sdk=iphonesimulator*]" = UIStatusBarStyleDefault;
				INFOPLIST_KEY_UISupportedInterfaceOrientations_iPad = "UIInterfaceOrientationPortrait UIInterfaceOrientationPortraitUpsideDown UIInterfaceOrientationLandscapeLeft UIInterfaceOrientationLandscapeRight";
				INFOPLIST_KEY_UISupportedInterfaceOrientations_iPhone = "UIInterfaceOrientationPortrait UIInterfaceOrientationLandscapeLeft UIInterfaceOrientationLandscapeRight";
				IPHONEOS_DEPLOYMENT_TARGET = 16.2;
				LD_RUNPATH_SEARCH_PATHS = "@executable_path/Frameworks";
				"LD_RUNPATH_SEARCH_PATHS[sdk=macosx*]" = "@executable_path/../Frameworks";
				MACOSX_DEPLOYMENT_TARGET = 13.1;
				MARKETING_VERSION = 1.0;
				PRODUCT_BUNDLE_IDENTIFIER = com.productpoke.Shoots;
				PRODUCT_NAME = "$(TARGET_NAME)";
				SDKROOT = auto;
				SUPPORTED_PLATFORMS = "iphoneos iphonesimulator macosx";
				SWIFT_EMIT_LOC_STRINGS = YES;
				SWIFT_VERSION = 5.0;
				TARGETED_DEVICE_FAMILY = "1,2";
			};
			name = Release;
		};
		4E195F0329C040C800E97522 /* Debug */ = {
			isa = XCBuildConfiguration;
			buildSettings = {
				ALWAYS_EMBED_SWIFT_STANDARD_LIBRARIES = YES;
				BUNDLE_LOADER = "$(TEST_HOST)";
				CODE_SIGN_STYLE = Automatic;
				CURRENT_PROJECT_VERSION = 1;
				DEVELOPMENT_TEAM = H62DJYY3BW;
				GENERATE_INFOPLIST_FILE = YES;
				IPHONEOS_DEPLOYMENT_TARGET = 16.2;
				MACOSX_DEPLOYMENT_TARGET = 13.1;
				MARKETING_VERSION = 1.0;
				PRODUCT_BUNDLE_IDENTIFIER = com.productpoke.ShootsTests;
				PRODUCT_NAME = "$(TARGET_NAME)";
				SDKROOT = auto;
				SUPPORTED_PLATFORMS = "iphoneos iphonesimulator macosx";
				SWIFT_EMIT_LOC_STRINGS = NO;
				SWIFT_VERSION = 5.0;
				TARGETED_DEVICE_FAMILY = "1,2";
				TEST_HOST = "$(BUILT_PRODUCTS_DIR)/Shoots.app/$(BUNDLE_EXECUTABLE_FOLDER_PATH)/Shoots";
			};
			name = Debug;
		};
		4E195F0429C040C800E97522 /* Release */ = {
			isa = XCBuildConfiguration;
			buildSettings = {
				ALWAYS_EMBED_SWIFT_STANDARD_LIBRARIES = YES;
				BUNDLE_LOADER = "$(TEST_HOST)";
				CODE_SIGN_STYLE = Automatic;
				CURRENT_PROJECT_VERSION = 1;
				DEVELOPMENT_TEAM = H62DJYY3BW;
				GENERATE_INFOPLIST_FILE = YES;
				IPHONEOS_DEPLOYMENT_TARGET = 16.2;
				MACOSX_DEPLOYMENT_TARGET = 13.1;
				MARKETING_VERSION = 1.0;
				PRODUCT_BUNDLE_IDENTIFIER = com.productpoke.ShootsTests;
				PRODUCT_NAME = "$(TARGET_NAME)";
				SDKROOT = auto;
				SUPPORTED_PLATFORMS = "iphoneos iphonesimulator macosx";
				SWIFT_EMIT_LOC_STRINGS = NO;
				SWIFT_VERSION = 5.0;
				TARGETED_DEVICE_FAMILY = "1,2";
				TEST_HOST = "$(BUILT_PRODUCTS_DIR)/Shoots.app/$(BUNDLE_EXECUTABLE_FOLDER_PATH)/Shoots";
			};
			name = Release;
		};
		4E195F0629C040C800E97522 /* Debug */ = {
			isa = XCBuildConfiguration;
			buildSettings = {
				ALWAYS_EMBED_SWIFT_STANDARD_LIBRARIES = YES;
				CODE_SIGN_STYLE = Automatic;
				CURRENT_PROJECT_VERSION = 1;
				DEVELOPMENT_TEAM = H62DJYY3BW;
				GENERATE_INFOPLIST_FILE = YES;
				IPHONEOS_DEPLOYMENT_TARGET = 16.2;
				MACOSX_DEPLOYMENT_TARGET = 13.1;
				MARKETING_VERSION = 1.0;
				PRODUCT_BUNDLE_IDENTIFIER = com.productpoke.ShootsUITests;
				PRODUCT_NAME = "$(TARGET_NAME)";
				SDKROOT = auto;
				SUPPORTED_PLATFORMS = "iphoneos iphonesimulator macosx";
				SWIFT_EMIT_LOC_STRINGS = NO;
				SWIFT_VERSION = 5.0;
				TARGETED_DEVICE_FAMILY = "1,2";
				TEST_TARGET_NAME = Shoots;
			};
			name = Debug;
		};
		4E195F0729C040C800E97522 /* Release */ = {
			isa = XCBuildConfiguration;
			buildSettings = {
				ALWAYS_EMBED_SWIFT_STANDARD_LIBRARIES = YES;
				CODE_SIGN_STYLE = Automatic;
				CURRENT_PROJECT_VERSION = 1;
				DEVELOPMENT_TEAM = H62DJYY3BW;
				GENERATE_INFOPLIST_FILE = YES;
				IPHONEOS_DEPLOYMENT_TARGET = 16.2;
				MACOSX_DEPLOYMENT_TARGET = 13.1;
				MARKETING_VERSION = 1.0;
				PRODUCT_BUNDLE_IDENTIFIER = com.productpoke.ShootsUITests;
				PRODUCT_NAME = "$(TARGET_NAME)";
				SDKROOT = auto;
				SUPPORTED_PLATFORMS = "iphoneos iphonesimulator macosx";
				SWIFT_EMIT_LOC_STRINGS = NO;
				SWIFT_VERSION = 5.0;
				TARGETED_DEVICE_FAMILY = "1,2";
				TEST_TARGET_NAME = Shoots;
			};
			name = Release;
		};
/* End XCBuildConfiguration section */

/* Begin XCConfigurationList section */
		4E195ED529C040C600E97522 /* Build configuration list for PBXProject "Shoots" */ = {
			isa = XCConfigurationList;
			buildConfigurations = (
				4E195EFD29C040C800E97522 /* Debug */,
				4E195EFE29C040C800E97522 /* Release */,
			);
			defaultConfigurationIsVisible = 0;
			defaultConfigurationName = Release;
		};
		4E195EFF29C040C800E97522 /* Build configuration list for PBXNativeTarget "Shoots" */ = {
			isa = XCConfigurationList;
			buildConfigurations = (
				4E195F0029C040C800E97522 /* Debug */,
				4E195F0129C040C800E97522 /* Release */,
			);
			defaultConfigurationIsVisible = 0;
			defaultConfigurationName = Release;
		};
		4E195F0229C040C800E97522 /* Build configuration list for PBXNativeTarget "ShootsTests" */ = {
			isa = XCConfigurationList;
			buildConfigurations = (
				4E195F0329C040C800E97522 /* Debug */,
				4E195F0429C040C800E97522 /* Release */,
			);
			defaultConfigurationIsVisible = 0;
			defaultConfigurationName = Release;
		};
		4E195F0529C040C800E97522 /* Build configuration list for PBXNativeTarget "ShootsUITests" */ = {
			isa = XCConfigurationList;
			buildConfigurations = (
				4E195F0629C040C800E97522 /* Debug */,
				4E195F0729C040C800E97522 /* Release */,
			);
			defaultConfigurationIsVisible = 0;
			defaultConfigurationName = Release;
		};
/* End XCConfigurationList section */
	};
	rootObject = 4E195ED229C040C600E97522 /* Project object */;
}
