// !$*UTF8*$!
{
	archiveVersion = 1;
	classes = {
	};
	objectVersion = 56;
	objects = {

/* Begin PBXBuildFile section */
		4E89398C29A765E500BB33BF /* ShootsApp.swift in Sources */ = {isa = PBXBuildFile; fileRef = 4E89398B29A765E500BB33BF /* ShootsApp.swift */; };
		4E89398E29A765E500BB33BF /* Persistence.swift in Sources */ = {isa = PBXBuildFile; fileRef = 4E89398D29A765E500BB33BF /* Persistence.swift */; };
		4E89399129A765E500BB33BF /* Shoots.xcdatamodeld in Sources */ = {isa = PBXBuildFile; fileRef = 4E89398F29A765E500BB33BF /* Shoots.xcdatamodeld */; };
		4E89399329A765E500BB33BF /* ContentView.swift in Sources */ = {isa = PBXBuildFile; fileRef = 4E89399229A765E500BB33BF /* ContentView.swift */; };
		4E89399529A765E700BB33BF /* Assets.xcassets in Resources */ = {isa = PBXBuildFile; fileRef = 4E89399429A765E700BB33BF /* Assets.xcassets */; };
		4E89399929A765E700BB33BF /* Preview Assets.xcassets in Resources */ = {isa = PBXBuildFile; fileRef = 4E89399829A765E700BB33BF /* Preview Assets.xcassets */; };
		4E8939A329A765E700BB33BF /* ShootsTests.swift in Sources */ = {isa = PBXBuildFile; fileRef = 4E8939A229A765E700BB33BF /* ShootsTests.swift */; };
		4E8939AD29A765E700BB33BF /* ShootsUITests.swift in Sources */ = {isa = PBXBuildFile; fileRef = 4E8939AC29A765E700BB33BF /* ShootsUITests.swift */; };
		4E8939AF29A765E700BB33BF /* ShootsUITestsLaunchTests.swift in Sources */ = {isa = PBXBuildFile; fileRef = 4E8939AE29A765E700BB33BF /* ShootsUITestsLaunchTests.swift */; };
/* End PBXBuildFile section */

/* Begin PBXContainerItemProxy section */
		4E89399F29A765E700BB33BF /* PBXContainerItemProxy */ = {
			isa = PBXContainerItemProxy;
			containerPortal = 4E89398029A765E500BB33BF /* Project object */;
			proxyType = 1;
			remoteGlobalIDString = 4E89398729A765E500BB33BF;
			remoteInfo = Shoots;
		};
		4E8939A929A765E700BB33BF /* PBXContainerItemProxy */ = {
			isa = PBXContainerItemProxy;
			containerPortal = 4E89398029A765E500BB33BF /* Project object */;
			proxyType = 1;
			remoteGlobalIDString = 4E89398729A765E500BB33BF;
			remoteInfo = Shoots;
		};
/* End PBXContainerItemProxy section */

/* Begin PBXFileReference section */
		4E89398829A765E500BB33BF /* Shoots.app */ = {isa = PBXFileReference; explicitFileType = wrapper.application; includeInIndex = 0; path = Shoots.app; sourceTree = BUILT_PRODUCTS_DIR; };
		4E89398B29A765E500BB33BF /* ShootsApp.swift */ = {isa = PBXFileReference; lastKnownFileType = sourcecode.swift; path = ShootsApp.swift; sourceTree = "<group>"; };
		4E89398D29A765E500BB33BF /* Persistence.swift */ = {isa = PBXFileReference; lastKnownFileType = sourcecode.swift; path = Persistence.swift; sourceTree = "<group>"; };
		4E89399029A765E500BB33BF /* Shoots.xcdatamodel */ = {isa = PBXFileReference; lastKnownFileType = wrapper.xcdatamodel; path = Shoots.xcdatamodel; sourceTree = "<group>"; };
		4E89399229A765E500BB33BF /* ContentView.swift */ = {isa = PBXFileReference; lastKnownFileType = sourcecode.swift; path = ContentView.swift; sourceTree = "<group>"; };
		4E89399429A765E700BB33BF /* Assets.xcassets */ = {isa = PBXFileReference; lastKnownFileType = folder.assetcatalog; path = Assets.xcassets; sourceTree = "<group>"; };
		4E89399629A765E700BB33BF /* Shoots.entitlements */ = {isa = PBXFileReference; lastKnownFileType = text.plist.entitlements; path = Shoots.entitlements; sourceTree = "<group>"; };
		4E89399829A765E700BB33BF /* Preview Assets.xcassets */ = {isa = PBXFileReference; lastKnownFileType = folder.assetcatalog; path = "Preview Assets.xcassets"; sourceTree = "<group>"; };
		4E89399E29A765E700BB33BF /* ShootsTests.xctest */ = {isa = PBXFileReference; explicitFileType = wrapper.cfbundle; includeInIndex = 0; path = ShootsTests.xctest; sourceTree = BUILT_PRODUCTS_DIR; };
		4E8939A229A765E700BB33BF /* ShootsTests.swift */ = {isa = PBXFileReference; lastKnownFileType = sourcecode.swift; path = ShootsTests.swift; sourceTree = "<group>"; };
		4E8939A829A765E700BB33BF /* ShootsUITests.xctest */ = {isa = PBXFileReference; explicitFileType = wrapper.cfbundle; includeInIndex = 0; path = ShootsUITests.xctest; sourceTree = BUILT_PRODUCTS_DIR; };
		4E8939AC29A765E700BB33BF /* ShootsUITests.swift */ = {isa = PBXFileReference; lastKnownFileType = sourcecode.swift; path = ShootsUITests.swift; sourceTree = "<group>"; };
		4E8939AE29A765E700BB33BF /* ShootsUITestsLaunchTests.swift */ = {isa = PBXFileReference; lastKnownFileType = sourcecode.swift; path = ShootsUITestsLaunchTests.swift; sourceTree = "<group>"; };
/* End PBXFileReference section */

/* Begin PBXFrameworksBuildPhase section */
		4E89398529A765E500BB33BF /* Frameworks */ = {
			isa = PBXFrameworksBuildPhase;
			buildActionMask = 2147483647;
			files = (
			);
			runOnlyForDeploymentPostprocessing = 0;
		};
		4E89399B29A765E700BB33BF /* Frameworks */ = {
			isa = PBXFrameworksBuildPhase;
			buildActionMask = 2147483647;
			files = (
			);
			runOnlyForDeploymentPostprocessing = 0;
		};
		4E8939A529A765E700BB33BF /* Frameworks */ = {
			isa = PBXFrameworksBuildPhase;
			buildActionMask = 2147483647;
			files = (
			);
			runOnlyForDeploymentPostprocessing = 0;
		};
/* End PBXFrameworksBuildPhase section */

/* Begin PBXGroup section */
		4E89397F29A765E500BB33BF = {
			isa = PBXGroup;
			children = (
				4E89398A29A765E500BB33BF /* Shoots */,
				4E8939A129A765E700BB33BF /* ShootsTests */,
				4E8939AB29A765E700BB33BF /* ShootsUITests */,
				4E89398929A765E500BB33BF /* Products */,
			);
			sourceTree = "<group>";
		};
		4E89398929A765E500BB33BF /* Products */ = {
			isa = PBXGroup;
			children = (
				4E89398829A765E500BB33BF /* Shoots.app */,
				4E89399E29A765E700BB33BF /* ShootsTests.xctest */,
				4E8939A829A765E700BB33BF /* ShootsUITests.xctest */,
			);
			name = Products;
			sourceTree = "<group>";
		};
		4E89398A29A765E500BB33BF /* Shoots */ = {
			isa = PBXGroup;
			children = (
				4E89398B29A765E500BB33BF /* ShootsApp.swift */,
				4E89398D29A765E500BB33BF /* Persistence.swift */,
				4E89399229A765E500BB33BF /* ContentView.swift */,
				4E89399429A765E700BB33BF /* Assets.xcassets */,
				4E89399629A765E700BB33BF /* Shoots.entitlements */,
				4E89398F29A765E500BB33BF /* Shoots.xcdatamodeld */,
				4E89399729A765E700BB33BF /* Preview Content */,
			);
			path = Shoots;
			sourceTree = "<group>";
		};
		4E89399729A765E700BB33BF /* Preview Content */ = {
			isa = PBXGroup;
			children = (
				4E89399829A765E700BB33BF /* Preview Assets.xcassets */,
			);
			path = "Preview Content";
			sourceTree = "<group>";
		};
		4E8939A129A765E700BB33BF /* ShootsTests */ = {
			isa = PBXGroup;
			children = (
				4E8939A229A765E700BB33BF /* ShootsTests.swift */,
			);
			path = ShootsTests;
			sourceTree = "<group>";
		};
		4E8939AB29A765E700BB33BF /* ShootsUITests */ = {
			isa = PBXGroup;
			children = (
				4E8939AC29A765E700BB33BF /* ShootsUITests.swift */,
				4E8939AE29A765E700BB33BF /* ShootsUITestsLaunchTests.swift */,
			);
			path = ShootsUITests;
			sourceTree = "<group>";
		};
/* End PBXGroup section */

/* Begin PBXNativeTarget section */
		4E89398729A765E500BB33BF /* Shoots */ = {
			isa = PBXNativeTarget;
			buildConfigurationList = 4E8939B229A765E700BB33BF /* Build configuration list for PBXNativeTarget "Shoots" */;
			buildPhases = (
				4E89398429A765E500BB33BF /* Sources */,
				4E89398529A765E500BB33BF /* Frameworks */,
				4E89398629A765E500BB33BF /* Resources */,
			);
			buildRules = (
			);
			dependencies = (
			);
			name = Shoots;
			productName = Shoots;
			productReference = 4E89398829A765E500BB33BF /* Shoots.app */;
			productType = "com.apple.product-type.application";
		};
		4E89399D29A765E700BB33BF /* ShootsTests */ = {
			isa = PBXNativeTarget;
			buildConfigurationList = 4E8939B529A765E700BB33BF /* Build configuration list for PBXNativeTarget "ShootsTests" */;
			buildPhases = (
				4E89399A29A765E700BB33BF /* Sources */,
				4E89399B29A765E700BB33BF /* Frameworks */,
				4E89399C29A765E700BB33BF /* Resources */,
			);
			buildRules = (
			);
			dependencies = (
				4E8939A029A765E700BB33BF /* PBXTargetDependency */,
			);
			name = ShootsTests;
			productName = ShootsTests;
			productReference = 4E89399E29A765E700BB33BF /* ShootsTests.xctest */;
			productType = "com.apple.product-type.bundle.unit-test";
		};
		4E8939A729A765E700BB33BF /* ShootsUITests */ = {
			isa = PBXNativeTarget;
			buildConfigurationList = 4E8939B829A765E700BB33BF /* Build configuration list for PBXNativeTarget "ShootsUITests" */;
			buildPhases = (
				4E8939A429A765E700BB33BF /* Sources */,
				4E8939A529A765E700BB33BF /* Frameworks */,
				4E8939A629A765E700BB33BF /* Resources */,
			);
			buildRules = (
			);
			dependencies = (
				4E8939AA29A765E700BB33BF /* PBXTargetDependency */,
			);
			name = ShootsUITests;
			productName = ShootsUITests;
			productReference = 4E8939A829A765E700BB33BF /* ShootsUITests.xctest */;
			productType = "com.apple.product-type.bundle.ui-testing";
		};
/* End PBXNativeTarget section */

/* Begin PBXProject section */
		4E89398029A765E500BB33BF /* Project object */ = {
			isa = PBXProject;
			attributes = {
				BuildIndependentTargetsInParallel = 1;
				LastSwiftUpdateCheck = 1420;
				LastUpgradeCheck = 1420;
				TargetAttributes = {
					4E89398729A765E500BB33BF = {
						CreatedOnToolsVersion = 14.2;
					};
					4E89399D29A765E700BB33BF = {
						CreatedOnToolsVersion = 14.2;
						TestTargetID = 4E89398729A765E500BB33BF;
					};
					4E8939A729A765E700BB33BF = {
						CreatedOnToolsVersion = 14.2;
						TestTargetID = 4E89398729A765E500BB33BF;
					};
				};
			};
			buildConfigurationList = 4E89398329A765E500BB33BF /* Build configuration list for PBXProject "Shoots" */;
			compatibilityVersion = "Xcode 14.0";
			developmentRegion = en;
			hasScannedForEncodings = 0;
			knownRegions = (
				en,
				Base,
			);
			mainGroup = 4E89397F29A765E500BB33BF;
			productRefGroup = 4E89398929A765E500BB33BF /* Products */;
			projectDirPath = "";
			projectRoot = "";
			targets = (
				4E89398729A765E500BB33BF /* Shoots */,
				4E89399D29A765E700BB33BF /* ShootsTests */,
				4E8939A729A765E700BB33BF /* ShootsUITests */,
			);
		};
/* End PBXProject section */

/* Begin PBXResourcesBuildPhase section */
		4E89398629A765E500BB33BF /* Resources */ = {
			isa = PBXResourcesBuildPhase;
			buildActionMask = 2147483647;
			files = (
				4E89399929A765E700BB33BF /* Preview Assets.xcassets in Resources */,
				4E89399529A765E700BB33BF /* Assets.xcassets in Resources */,
			);
			runOnlyForDeploymentPostprocessing = 0;
		};
		4E89399C29A765E700BB33BF /* Resources */ = {
			isa = PBXResourcesBuildPhase;
			buildActionMask = 2147483647;
			files = (
			);
			runOnlyForDeploymentPostprocessing = 0;
		};
		4E8939A629A765E700BB33BF /* Resources */ = {
			isa = PBXResourcesBuildPhase;
			buildActionMask = 2147483647;
			files = (
			);
			runOnlyForDeploymentPostprocessing = 0;
		};
/* End PBXResourcesBuildPhase section */

/* Begin PBXSourcesBuildPhase section */
		4E89398429A765E500BB33BF /* Sources */ = {
			isa = PBXSourcesBuildPhase;
			buildActionMask = 2147483647;
			files = (
				4E89398C29A765E500BB33BF /* ShootsApp.swift in Sources */,
				4E89398E29A765E500BB33BF /* Persistence.swift in Sources */,
				4E89399329A765E500BB33BF /* ContentView.swift in Sources */,
				4E89399129A765E500BB33BF /* Shoots.xcdatamodeld in Sources */,
			);
			runOnlyForDeploymentPostprocessing = 0;
		};
		4E89399A29A765E700BB33BF /* Sources */ = {
			isa = PBXSourcesBuildPhase;
			buildActionMask = 2147483647;
			files = (
				4E8939A329A765E700BB33BF /* ShootsTests.swift in Sources */,
			);
			runOnlyForDeploymentPostprocessing = 0;
		};
		4E8939A429A765E700BB33BF /* Sources */ = {
			isa = PBXSourcesBuildPhase;
			buildActionMask = 2147483647;
			files = (
				4E8939AF29A765E700BB33BF /* ShootsUITestsLaunchTests.swift in Sources */,
				4E8939AD29A765E700BB33BF /* ShootsUITests.swift in Sources */,
			);
			runOnlyForDeploymentPostprocessing = 0;
		};
/* End PBXSourcesBuildPhase section */

/* Begin PBXTargetDependency section */
		4E8939A029A765E700BB33BF /* PBXTargetDependency */ = {
			isa = PBXTargetDependency;
			target = 4E89398729A765E500BB33BF /* Shoots */;
			targetProxy = 4E89399F29A765E700BB33BF /* PBXContainerItemProxy */;
		};
		4E8939AA29A765E700BB33BF /* PBXTargetDependency */ = {
			isa = PBXTargetDependency;
			target = 4E89398729A765E500BB33BF /* Shoots */;
			targetProxy = 4E8939A929A765E700BB33BF /* PBXContainerItemProxy */;
		};
/* End PBXTargetDependency section */

/* Begin XCBuildConfiguration section */
		4E8939B029A765E700BB33BF /* Debug */ = {
			isa = XCBuildConfiguration;
			buildSettings = {
				ALWAYS_SEARCH_USER_PATHS = NO;
				CLANG_ANALYZER_NONNULL = YES;
				CLANG_ANALYZER_NUMBER_OBJECT_CONVERSION = YES_AGGRESSIVE;
				CLANG_CXX_LANGUAGE_STANDARD = "gnu++20";
				CLANG_ENABLE_MODULES = YES;
				CLANG_ENABLE_OBJC_ARC = YES;
				CLANG_ENABLE_OBJC_WEAK = YES;
				CLANG_WARN_BLOCK_CAPTURE_AUTORELEASING = YES;
				CLANG_WARN_BOOL_CONVERSION = YES;
				CLANG_WARN_COMMA = YES;
				CLANG_WARN_CONSTANT_CONVERSION = YES;
				CLANG_WARN_DEPRECATED_OBJC_IMPLEMENTATIONS = YES;
				CLANG_WARN_DIRECT_OBJC_ISA_USAGE = YES_ERROR;
				CLANG_WARN_DOCUMENTATION_COMMENTS = YES;
				CLANG_WARN_EMPTY_BODY = YES;
				CLANG_WARN_ENUM_CONVERSION = YES;
				CLANG_WARN_INFINITE_RECURSION = YES;
				CLANG_WARN_INT_CONVERSION = YES;
				CLANG_WARN_NON_LITERAL_NULL_CONVERSION = YES;
				CLANG_WARN_OBJC_IMPLICIT_RETAIN_SELF = YES;
				CLANG_WARN_OBJC_LITERAL_CONVERSION = YES;
				CLANG_WARN_OBJC_ROOT_CLASS = YES_ERROR;
				CLANG_WARN_QUOTED_INCLUDE_IN_FRAMEWORK_HEADER = YES;
				CLANG_WARN_RANGE_LOOP_ANALYSIS = YES;
				CLANG_WARN_STRICT_PROTOTYPES = YES;
				CLANG_WARN_SUSPICIOUS_MOVE = YES;
				CLANG_WARN_UNGUARDED_AVAILABILITY = YES_AGGRESSIVE;
				CLANG_WARN_UNREACHABLE_CODE = YES;
				CLANG_WARN__DUPLICATE_METHOD_MATCH = YES;
				COPY_PHASE_STRIP = NO;
				DEBUG_INFORMATION_FORMAT = dwarf;
				ENABLE_STRICT_OBJC_MSGSEND = YES;
				ENABLE_TESTABILITY = YES;
				GCC_C_LANGUAGE_STANDARD = gnu11;
				GCC_DYNAMIC_NO_PIC = NO;
				GCC_NO_COMMON_BLOCKS = YES;
				GCC_OPTIMIZATION_LEVEL = 0;
				GCC_PREPROCESSOR_DEFINITIONS = (
					"DEBUG=1",
					"$(inherited)",
				);
				GCC_WARN_64_TO_32_BIT_CONVERSION = YES;
				GCC_WARN_ABOUT_RETURN_TYPE = YES_ERROR;
				GCC_WARN_UNDECLARED_SELECTOR = YES;
				GCC_WARN_UNINITIALIZED_AUTOS = YES_AGGRESSIVE;
				GCC_WARN_UNUSED_FUNCTION = YES;
				GCC_WARN_UNUSED_VARIABLE = YES;
				MTL_ENABLE_DEBUG_INFO = INCLUDE_SOURCE;
				MTL_FAST_MATH = YES;
				ONLY_ACTIVE_ARCH = YES;
				SWIFT_ACTIVE_COMPILATION_CONDITIONS = DEBUG;
				SWIFT_OPTIMIZATION_LEVEL = "-Onone";
			};
			name = Debug;
		};
		4E8939B129A765E700BB33BF /* Release */ = {
			isa = XCBuildConfiguration;
			buildSettings = {
				ALWAYS_SEARCH_USER_PATHS = NO;
				CLANG_ANALYZER_NONNULL = YES;
				CLANG_ANALYZER_NUMBER_OBJECT_CONVERSION = YES_AGGRESSIVE;
				CLANG_CXX_LANGUAGE_STANDARD = "gnu++20";
				CLANG_ENABLE_MODULES = YES;
				CLANG_ENABLE_OBJC_ARC = YES;
				CLANG_ENABLE_OBJC_WEAK = YES;
				CLANG_WARN_BLOCK_CAPTURE_AUTORELEASING = YES;
				CLANG_WARN_BOOL_CONVERSION = YES;
				CLANG_WARN_COMMA = YES;
				CLANG_WARN_CONSTANT_CONVERSION = YES;
				CLANG_WARN_DEPRECATED_OBJC_IMPLEMENTATIONS = YES;
				CLANG_WARN_DIRECT_OBJC_ISA_USAGE = YES_ERROR;
				CLANG_WARN_DOCUMENTATION_COMMENTS = YES;
				CLANG_WARN_EMPTY_BODY = YES;
				CLANG_WARN_ENUM_CONVERSION = YES;
				CLANG_WARN_INFINITE_RECURSION = YES;
				CLANG_WARN_INT_CONVERSION = YES;
				CLANG_WARN_NON_LITERAL_NULL_CONVERSION = YES;
				CLANG_WARN_OBJC_IMPLICIT_RETAIN_SELF = YES;
				CLANG_WARN_OBJC_LITERAL_CONVERSION = YES;
				CLANG_WARN_OBJC_ROOT_CLASS = YES_ERROR;
				CLANG_WARN_QUOTED_INCLUDE_IN_FRAMEWORK_HEADER = YES;
				CLANG_WARN_RANGE_LOOP_ANALYSIS = YES;
				CLANG_WARN_STRICT_PROTOTYPES = YES;
				CLANG_WARN_SUSPICIOUS_MOVE = YES;
				CLANG_WARN_UNGUARDED_AVAILABILITY = YES_AGGRESSIVE;
				CLANG_WARN_UNREACHABLE_CODE = YES;
				CLANG_WARN__DUPLICATE_METHOD_MATCH = YES;
				COPY_PHASE_STRIP = NO;
				DEBUG_INFORMATION_FORMAT = "dwarf-with-dsym";
				ENABLE_NS_ASSERTIONS = NO;
				ENABLE_STRICT_OBJC_MSGSEND = YES;
				GCC_C_LANGUAGE_STANDARD = gnu11;
				GCC_NO_COMMON_BLOCKS = YES;
				GCC_WARN_64_TO_32_BIT_CONVERSION = YES;
				GCC_WARN_ABOUT_RETURN_TYPE = YES_ERROR;
				GCC_WARN_UNDECLARED_SELECTOR = YES;
				GCC_WARN_UNINITIALIZED_AUTOS = YES_AGGRESSIVE;
				GCC_WARN_UNUSED_FUNCTION = YES;
				GCC_WARN_UNUSED_VARIABLE = YES;
				MTL_ENABLE_DEBUG_INFO = NO;
				MTL_FAST_MATH = YES;
				SWIFT_COMPILATION_MODE = wholemodule;
				SWIFT_OPTIMIZATION_LEVEL = "-O";
			};
			name = Release;
		};
		4E8939B329A765E700BB33BF /* Debug */ = {
			isa = XCBuildConfiguration;
			buildSettings = {
				ASSETCATALOG_COMPILER_APPICON_NAME = AppIcon;
				ASSETCATALOG_COMPILER_GLOBAL_ACCENT_COLOR_NAME = AccentColor;
				CODE_SIGN_ENTITLEMENTS = Shoots/Shoots.entitlements;
				CODE_SIGN_STYLE = Automatic;
				CURRENT_PROJECT_VERSION = 1;
				DEVELOPMENT_ASSET_PATHS = "\"Shoots/Preview Content\"";
				DEVELOPMENT_TEAM = H62DJYY3BW;
				ENABLE_HARDENED_RUNTIME = YES;
				ENABLE_PREVIEWS = YES;
				GENERATE_INFOPLIST_FILE = YES;
				"INFOPLIST_KEY_UIApplicationSceneManifest_Generation[sdk=iphoneos*]" = YES;
				"INFOPLIST_KEY_UIApplicationSceneManifest_Generation[sdk=iphonesimulator*]" = YES;
				"INFOPLIST_KEY_UIApplicationSupportsIndirectInputEvents[sdk=iphoneos*]" = YES;
				"INFOPLIST_KEY_UIApplicationSupportsIndirectInputEvents[sdk=iphonesimulator*]" = YES;
				"INFOPLIST_KEY_UILaunchScreen_Generation[sdk=iphoneos*]" = YES;
				"INFOPLIST_KEY_UILaunchScreen_Generation[sdk=iphonesimulator*]" = YES;
				"INFOPLIST_KEY_UIStatusBarStyle[sdk=iphoneos*]" = UIStatusBarStyleDefault;
				"INFOPLIST_KEY_UIStatusBarStyle[sdk=iphonesimulator*]" = UIStatusBarStyleDefault;
				INFOPLIST_KEY_UISupportedInterfaceOrientations_iPad = "UIInterfaceOrientationPortrait UIInterfaceOrientationPortraitUpsideDown UIInterfaceOrientationLandscapeLeft UIInterfaceOrientationLandscapeRight";
				INFOPLIST_KEY_UISupportedInterfaceOrientations_iPhone = "UIInterfaceOrientationPortrait UIInterfaceOrientationLandscapeLeft UIInterfaceOrientationLandscapeRight";
				IPHONEOS_DEPLOYMENT_TARGET = 16.2;
				LD_RUNPATH_SEARCH_PATHS = "@executable_path/Frameworks";
				"LD_RUNPATH_SEARCH_PATHS[sdk=macosx*]" = "@executable_path/../Frameworks";
				MACOSX_DEPLOYMENT_TARGET = 13.1;
				MARKETING_VERSION = 1.0;
				PRODUCT_BUNDLE_IDENTIFIER = com.productpoke.Shoots;
				PRODUCT_NAME = "$(TARGET_NAME)";
				SDKROOT = auto;
				SUPPORTED_PLATFORMS = "iphoneos iphonesimulator macosx";
				SWIFT_EMIT_LOC_STRINGS = YES;
				SWIFT_VERSION = 5.0;
				TARGETED_DEVICE_FAMILY = "1,2";
			};
			name = Debug;
		};
		4E8939B429A765E700BB33BF /* Release */ = {
			isa = XCBuildConfiguration;
			buildSettings = {
				ASSETCATALOG_COMPILER_APPICON_NAME = AppIcon;
				ASSETCATALOG_COMPILER_GLOBAL_ACCENT_COLOR_NAME = AccentColor;
				CODE_SIGN_ENTITLEMENTS = Shoots/Shoots.entitlements;
				CODE_SIGN_STYLE = Automatic;
				CURRENT_PROJECT_VERSION = 1;
				DEVELOPMENT_ASSET_PATHS = "\"Shoots/Preview Content\"";
				DEVELOPMENT_TEAM = H62DJYY3BW;
				ENABLE_HARDENED_RUNTIME = YES;
				ENABLE_PREVIEWS = YES;
				GENERATE_INFOPLIST_FILE = YES;
				"INFOPLIST_KEY_UIApplicationSceneManifest_Generation[sdk=iphoneos*]" = YES;
				"INFOPLIST_KEY_UIApplicationSceneManifest_Generation[sdk=iphonesimulator*]" = YES;
				"INFOPLIST_KEY_UIApplicationSupportsIndirectInputEvents[sdk=iphoneos*]" = YES;
				"INFOPLIST_KEY_UIApplicationSupportsIndirectInputEvents[sdk=iphonesimulator*]" = YES;
				"INFOPLIST_KEY_UILaunchScreen_Generation[sdk=iphoneos*]" = YES;
				"INFOPLIST_KEY_UILaunchScreen_Generation[sdk=iphonesimulator*]" = YES;
				"INFOPLIST_KEY_UIStatusBarStyle[sdk=iphoneos*]" = UIStatusBarStyleDefault;
				"INFOPLIST_KEY_UIStatusBarStyle[sdk=iphonesimulator*]" = UIStatusBarStyleDefault;
				INFOPLIST_KEY_UISupportedInterfaceOrientations_iPad = "UIInterfaceOrientationPortrait UIInterfaceOrientationPortraitUpsideDown UIInterfaceOrientationLandscapeLeft UIInterfaceOrientationLandscapeRight";
				INFOPLIST_KEY_UISupportedInterfaceOrientations_iPhone = "UIInterfaceOrientationPortrait UIInterfaceOrientationLandscapeLeft UIInterfaceOrientationLandscapeRight";
				IPHONEOS_DEPLOYMENT_TARGET = 16.2;
				LD_RUNPATH_SEARCH_PATHS = "@executable_path/Frameworks";
				"LD_RUNPATH_SEARCH_PATHS[sdk=macosx*]" = "@executable_path/../Frameworks";
				MACOSX_DEPLOYMENT_TARGET = 13.1;
				MARKETING_VERSION = 1.0;
				PRODUCT_BUNDLE_IDENTIFIER = com.productpoke.Shoots;
				PRODUCT_NAME = "$(TARGET_NAME)";
				SDKROOT = auto;
				SUPPORTED_PLATFORMS = "iphoneos iphonesimulator macosx";
				SWIFT_EMIT_LOC_STRINGS = YES;
				SWIFT_VERSION = 5.0;
				TARGETED_DEVICE_FAMILY = "1,2";
			};
			name = Release;
		};
		4E8939B629A765E700BB33BF /* Debug */ = {
			isa = XCBuildConfiguration;
			buildSettings = {
				ALWAYS_EMBED_SWIFT_STANDARD_LIBRARIES = YES;
				BUNDLE_LOADER = "$(TEST_HOST)";
				CODE_SIGN_STYLE = Automatic;
				CURRENT_PROJECT_VERSION = 1;
				DEVELOPMENT_TEAM = H62DJYY3BW;
				GENERATE_INFOPLIST_FILE = YES;
				IPHONEOS_DEPLOYMENT_TARGET = 16.2;
				MACOSX_DEPLOYMENT_TARGET = 13.1;
				MARKETING_VERSION = 1.0;
				PRODUCT_BUNDLE_IDENTIFIER = com.productpoke.ShootsTests;
				PRODUCT_NAME = "$(TARGET_NAME)";
				SDKROOT = auto;
				SUPPORTED_PLATFORMS = "iphoneos iphonesimulator macosx";
				SWIFT_EMIT_LOC_STRINGS = NO;
				SWIFT_VERSION = 5.0;
				TARGETED_DEVICE_FAMILY = "1,2";
				TEST_HOST = "$(BUILT_PRODUCTS_DIR)/Shoots.app/$(BUNDLE_EXECUTABLE_FOLDER_PATH)/Shoots";
			};
			name = Debug;
		};
		4E8939B729A765E700BB33BF /* Release */ = {
			isa = XCBuildConfiguration;
			buildSettings = {
				ALWAYS_EMBED_SWIFT_STANDARD_LIBRARIES = YES;
				BUNDLE_LOADER = "$(TEST_HOST)";
				CODE_SIGN_STYLE = Automatic;
				CURRENT_PROJECT_VERSION = 1;
				DEVELOPMENT_TEAM = H62DJYY3BW;
				GENERATE_INFOPLIST_FILE = YES;
				IPHONEOS_DEPLOYMENT_TARGET = 16.2;
				MACOSX_DEPLOYMENT_TARGET = 13.1;
				MARKETING_VERSION = 1.0;
				PRODUCT_BUNDLE_IDENTIFIER = com.productpoke.ShootsTests;
				PRODUCT_NAME = "$(TARGET_NAME)";
				SDKROOT = auto;
				SUPPORTED_PLATFORMS = "iphoneos iphonesimulator macosx";
				SWIFT_EMIT_LOC_STRINGS = NO;
				SWIFT_VERSION = 5.0;
				TARGETED_DEVICE_FAMILY = "1,2";
				TEST_HOST = "$(BUILT_PRODUCTS_DIR)/Shoots.app/$(BUNDLE_EXECUTABLE_FOLDER_PATH)/Shoots";
			};
			name = Release;
		};
		4E8939B929A765E700BB33BF /* Debug */ = {
			isa = XCBuildConfiguration;
			buildSettings = {
				ALWAYS_EMBED_SWIFT_STANDARD_LIBRARIES = YES;
				CODE_SIGN_STYLE = Automatic;
				CURRENT_PROJECT_VERSION = 1;
				DEVELOPMENT_TEAM = H62DJYY3BW;
				GENERATE_INFOPLIST_FILE = YES;
				IPHONEOS_DEPLOYMENT_TARGET = 16.2;
				MACOSX_DEPLOYMENT_TARGET = 13.1;
				MARKETING_VERSION = 1.0;
				PRODUCT_BUNDLE_IDENTIFIER = com.productpoke.ShootsUITests;
				PRODUCT_NAME = "$(TARGET_NAME)";
				SDKROOT = auto;
				SUPPORTED_PLATFORMS = "iphoneos iphonesimulator macosx";
				SWIFT_EMIT_LOC_STRINGS = NO;
				SWIFT_VERSION = 5.0;
				TARGETED_DEVICE_FAMILY = "1,2";
				TEST_TARGET_NAME = Shoots;
			};
			name = Debug;
		};
		4E8939BA29A765E700BB33BF /* Release */ = {
			isa = XCBuildConfiguration;
			buildSettings = {
				ALWAYS_EMBED_SWIFT_STANDARD_LIBRARIES = YES;
				CODE_SIGN_STYLE = Automatic;
				CURRENT_PROJECT_VERSION = 1;
				DEVELOPMENT_TEAM = H62DJYY3BW;
				GENERATE_INFOPLIST_FILE = YES;
				IPHONEOS_DEPLOYMENT_TARGET = 16.2;
				MACOSX_DEPLOYMENT_TARGET = 13.1;
				MARKETING_VERSION = 1.0;
				PRODUCT_BUNDLE_IDENTIFIER = com.productpoke.ShootsUITests;
				PRODUCT_NAME = "$(TARGET_NAME)";
				SDKROOT = auto;
				SUPPORTED_PLATFORMS = "iphoneos iphonesimulator macosx";
				SWIFT_EMIT_LOC_STRINGS = NO;
				SWIFT_VERSION = 5.0;
				TARGETED_DEVICE_FAMILY = "1,2";
				TEST_TARGET_NAME = Shoots;
			};
			name = Release;
		};
/* End XCBuildConfiguration section */

/* Begin XCConfigurationList section */
		4E89398329A765E500BB33BF /* Build configuration list for PBXProject "Shoots" */ = {
			isa = XCConfigurationList;
			buildConfigurations = (
				4E8939B029A765E700BB33BF /* Debug */,
				4E8939B129A765E700BB33BF /* Release */,
			);
			defaultConfigurationIsVisible = 0;
			defaultConfigurationName = Release;
		};
		4E8939B229A765E700BB33BF /* Build configuration list for PBXNativeTarget "Shoots" */ = {
			isa = XCConfigurationList;
			buildConfigurations = (
				4E8939B329A765E700BB33BF /* Debug */,
				4E8939B429A765E700BB33BF /* Release */,
			);
			defaultConfigurationIsVisible = 0;
			defaultConfigurationName = Release;
		};
		4E8939B529A765E700BB33BF /* Build configuration list for PBXNativeTarget "ShootsTests" */ = {
			isa = XCConfigurationList;
			buildConfigurations = (
				4E8939B629A765E700BB33BF /* Debug */,
				4E8939B729A765E700BB33BF /* Release */,
			);
			defaultConfigurationIsVisible = 0;
			defaultConfigurationName = Release;
		};
		4E8939B829A765E700BB33BF /* Build configuration list for PBXNativeTarget "ShootsUITests" */ = {
			isa = XCConfigurationList;
			buildConfigurations = (
				4E8939B929A765E700BB33BF /* Debug */,
				4E8939BA29A765E700BB33BF /* Release */,
			);
			defaultConfigurationIsVisible = 0;
			defaultConfigurationName = Release;
		};
/* End XCConfigurationList section */

/* Begin XCVersionGroup section */
		4E89398F29A765E500BB33BF /* Shoots.xcdatamodeld */ = {
			isa = XCVersionGroup;
			children = (
				4E89399029A765E500BB33BF /* Shoots.xcdatamodel */,
			);
			currentVersion = 4E89399029A765E500BB33BF /* Shoots.xcdatamodel */;
			path = Shoots.xcdatamodeld;
			sourceTree = "<group>";
			versionGroupType = wrapper.xcdatamodel;
		};
/* End XCVersionGroup section */
	};
	rootObject = 4E89398029A765E500BB33BF /* Project object */;
}
