{
  "pins" : [
    {
      "identity" : "chipagecontrol",
      "kind" : "remoteSourceControl",
      "location" : "https://github.com/ChiliLabs/CHIPageControl",
      "state" : {
        "revision" : "2d16f651a6c885e8d7eff21b36bd1cae3130aa10",
        "version" : "0.2.1"
      }
    },
    {
      "identity" : "swiftui-flow-layout",
      "kind" : "remoteSourceControl",
      "location" : "https://github.com/globulus/swiftui-flow-layout",
      "state" : {
        "revision" : "de7da3440c3b87ba94adfa98c698828d7746a76d",
        "version" : "1.0.5"
      }
    },
    {
      "identity" : "waterfallgrid",
      "kind" : "remoteSourceControl",
      "location" : "https://github.com/paololeonardi/WaterfallGrid",
      "state" : {
        "revision" : "944aa82832ed5a9eaaf50862cdd53e3c10ab55eb",
        "version" : "1.0.1"
      }
    }
  ],
  "version" : 2
}
